version = 1
revision = 3
requires-python = ">=3.9"
resolution-markers = [
    "python_full_version >= '3.10'",
    "python_full_version < '3.10'",
]

[[package]]
name = "anyio"
version = "4.12.1"
source = { registry = "https://pypi.org/simple" }
resolution-markers = [
    "python_full_version < '3.10'",
]
dependencies = [
    { name = "exceptiongroup", marker = "python_full_version < '3.10'" },
    { name = "idna", marker = "python_full_version < '3.10'" },
    { name = "typing-extensions", marker = "python_full_version < '3.10'" },
]
sdist = { url = "https://files.pythonhosted.org/packages/96/f0/5eb65b2bb0d09ac6776f2eb54adee6abe8228ea05b20a5ad0e4945de8aac/anyio-4.12.1.tar.gz", hash = "sha256:41cfcc3a4c85d3f05c932da7c26d0201ac36f72abd4435ba90d0464a3ffed703", size = 228685, upload-time = "2026-01-06T11:45:21.246Z" }
wheels = [
    { url = "https://files.pythonhosted.org/packages/38/0e/27be9fdef66e72d64c0cdc3cc2823101b80585f8119b5c112c2e8f5f7dab/anyio-4.12.1-py3-none-any.whl", hash = "sha256:d405828884fc140aa80a3c667b8beed277f1dfedec42ba031bd6ac3db606ab6c", size = 113592, upload-time = "2026-01-06T11:45:19.497Z" },
]

[[package]]
name = "anyio"
version = "4.13.0"
source = { registry = "https://pypi.org/simple" }
resolution-markers = [
    "python_full_version >= '3.10'",
]
dependencies = [
    { name = "exceptiongroup", marker = "python_full_version == '3.10.*'" },
    { name = "idna", marker = "python_full_version >= '3.10'" },
    { name = "typing-extensions", marker = "python_full_version >= '3.10' and python_full_version < '3.13'" },
]
sdist = { url = "https://files.pythonhosted.org/packages/19/14/2c5dd9f512b66549ae92767a9c7b330ae88e1932ca57876909410251fe13/anyio-4.13.0.tar.gz", hash = "sha256:334b70e641fd2221c1505b3890c69882fe4a2df910cba14d97019b90b24439dc", size = 231622, upload-time = "2026-03-24T12:59:09.671Z" }
wheels = [
    { url = "https://files.pythonhosted.org/packages/da/42/e921fccf5015463e32a3cf6ee7f980a6ed0f395ceeaa45060b61d86486c2/anyio-4.13.0-py3-none-any.whl", hash = "sha256:08b310f9e24a9594186fd75b4f73f4a4152069e3853f1ed8bfbf58369f4ad708", size = 114353, upload-time = "2026-03-24T12:59:08.246Z" },
]

[[package]]
name = "beautifulsoup4"
version = "4.12.3"
source = { registry = "https://pypi.org/simple" }
dependencies = [
    { name = "soupsieve" },
]
sdist = { url = "https://files.pythonhosted.org/packages/b3/ca/824b1195773ce6166d388573fc106ce56d4a805bd7427b624e063596ec58/beautifulsoup4-4.12.3.tar.gz", hash = "sha256:74e3d1928edc070d21748185c46e3fb33490f22f52a3addee9aee0f4f7781051", size = 581181, upload-time = "2024-01-17T16:53:17.902Z" }
wheels = [
    { url = "https://files.pythonhosted.org/packages/b1/fe/e8c672695b37eecc5cbf43e1d0638d88d66ba3a44c4d321c796f4e59167f/beautifulsoup4-4.12.3-py3-none-any.whl", hash = "sha256:b80878c9f40111313e55da8ba20bdba06d8fa3969fc68304167741bbf9e082ed", size = 147925, upload-time = "2024-01-17T16:53:12.779Z" },
]

[[package]]
name = "certifi"
version = "2026.2.25"
source = { registry = "https://pypi.org/simple" }
sdist = { url = "https://files.pythonhosted.org/packages/af/2d/7bf41579a8986e348fa033a31cdd0e4121114f6bce2457e8876010b092dd/certifi-2026.2.25.tar.gz", hash = "sha256:e887ab5cee78ea814d3472169153c2d12cd43b14bd03329a39a9c6e2e80bfba7", size = 155029, upload-time = "2026-02-25T02:54:17.342Z" }
wheels = [
    { url = "https://files.pythonhosted.org/packages/9a/3c/c17fb3ca2d9c3acff52e30b309f538586f9f5b9c9cf454f3845fc9af4881/certifi-2026.2.25-py3-none-any.whl", hash = "sha256:027692e4402ad994f1c42e52a4997a9763c646b73e4096e4d5d6db8af1d6f0fa", size = 153684, upload-time = "2026-02-25T02:54:15.766Z" },
]

[[package]]
name = "consulbot"
version = "0.1.0"
source = { virtual = "." }
dependencies = [
    { name = "beautifulsoup4" },
    { name = "feedparser" },
    { name = "httpx" },
    { name = "lxml" },
    { name = "python-dotenv" },
    { name = "python-telegram-bot" },
]

[package.metadata]
requires-dist = [
    { name = "beautifulsoup4", specifier = "==4.12.3" },
    { name = "feedparser", specifier = "==6.0.11" },
    { name = "httpx", specifier = "==0.27.0" },
    { name = "lxml", specifier = "==5.2.2" },
    { name = "python-dotenv", specifier = "==1.0.1" },
    { name = "python-telegram-bot", specifier = "==21.5" },
]

[[package]]
name = "exceptiongroup"
version = "1.3.1"
source = { registry = "https://pypi.org/simple" }
dependencies = [
    { name = "typing-extensions", marker = "python_full_version < '3.13'" },
]
sdist = { url = "https://files.pythonhosted.org/packages/50/79/66800aadf48771f6b62f7eb014e352e5d06856655206165d775e675a02c9/exceptiongroup-1.3.1.tar.gz", hash = "sha256:8b412432c6055b0b7d14c310000ae93352ed6754f70fa8f7c34141f91c4e3219", size = 30371, upload-time = "2025-11-21T23:01:54.787Z" }
wheels = [
    { url = "https://files.pythonhosted.org/packages/8a/0e/97c33bf5009bdbac74fd2beace167cab3f978feb69cc36f1ef79360d6c4e/exceptiongroup-1.3.1-py3-none-any.whl", hash = "sha256:a7a39a3bd276781e98394987d3a5701d0c4edffb633bb7a5144577f82c773598", size = 16740, upload-time = "2025-11-21T23:01:53.443Z" },
]

[[package]]
name = "feedparser"
version = "6.0.11"
source = { registry = "https://pypi.org/simple" }
dependencies = [
    { name = "sgmllib3k" },
]
sdist = { url = "https://files.pythonhosted.org/packages/ff/aa/7af346ebeb42a76bf108027fe7f3328bb4e57a3a96e53e21fd9ef9dd6dd0/feedparser-6.0.11.tar.gz", hash = "sha256:c9d0407b64c6f2a065d0ebb292c2b35c01050cc0dc33757461aaabdc4c4184d5", size = 286197, upload-time = "2023-12-10T16:03:20.854Z" }
wheels = [
    { url = "https://files.pythonhosted.org/packages/7c/d4/8c31aad9cc18f451c49f7f9cfb5799dadffc88177f7917bc90a66459b1d7/feedparser-6.0.11-py3-none-any.whl", hash = "sha256:0be7ee7b395572b19ebeb1d6aafb0028dee11169f1c934e0ed67d54992f4ad45", size = 81343, upload-time = "2023-12-10T16:03:19.484Z" },
]

[[package]]
name = "h11"
version = "0.16.0"
source = { registry = "https://pypi.org/simple" }
sdist = { url = "https://files.pythonhosted.org/packages/01/ee/02a2c011bdab74c6fb3c75474d40b3052059d95df7e73351460c8588d963/h11-0.16.0.tar.gz", hash = "sha256:4e35b956cf45792e4caa5885e69fba00bdbc6ffafbfa020300e549b208ee5ff1", size = 101250, upload-time = "2025-04-24T03:35:25.427Z" }
wheels = [
    { url = "https://files.pythonhosted.org/packages/04/4b/29cac41a4d98d144bf5f6d33995617b185d14b22401f75ca86f384e87ff1/h11-0.16.0-py3-none-any.whl", hash = "sha256:63cf8bbe7522de3bf65932fda1d9c2772064ffb3dae62d55932da54b31cb6c86", size = 37515, upload-time = "2025-04-24T03:35:24.344Z" },
]

[[package]]
name = "httpcore"
version = "1.0.9"
source = { registry = "https://pypi.org/simple" }
dependencies = [
    { name = "certifi" },
    { name = "h11" },
]
sdist = { url = "https://files.pythonhosted.org/packages/06/94/82699a10bca87a5556c9c59b5963f2d039dbd239f25bc2a63907a05a14cb/httpcore-1.0.9.tar.gz", hash = "sha256:6e34463af53fd2ab5d807f399a9b45ea31c3dfa2276f15a2c3f00afff6e176e8", size = 85484, upload-time = "2025-04-24T22:06:22.219Z" }
wheels = [
    { url = "https://files.pythonhosted.org/packages/7e/f5/f66802a942d491edb555dd61e3a9961140fd64c90bce1eafd741609d334d/httpcore-1.0.9-py3-none-any.whl", hash = "sha256:2d400746a40668fc9dec9810239072b40b4484b640a8c38fd654a024c7a1bf55", size = 78784, upload-time = "2025-04-24T22:06:20.566Z" },
]

[[package]]
name = "httpx"
version = "0.27.0"
source = { registry = "https://pypi.org/simple" }
dependencies = [
    { name = "anyio", version = "4.12.1", source = { registry = "https://pypi.org/simple" }, marker = "python_full_version < '3.10'" },
    { name = "anyio", version = "4.13.0", source = { registry = "https://pypi.org/simple" }, marker = "python_full_version >= '3.10'" },
    { name = "certifi" },
    { name = "httpcore" },
    { name = "idna" },
    { name = "sniffio" },
]
sdist = { url = "https://files.pythonhosted.org/packages/5c/2d/3da5bdf4408b8b2800061c339f240c1802f2e82d55e50bd39c5a881f47f0/httpx-0.27.0.tar.gz", hash = "sha256:a0cb88a46f32dc874e04ee956e4c2764aba2aa228f650b06788ba6bda2962ab5", size = 126413, upload-time = "2024-02-21T13:07:52.434Z" }
wheels = [
    { url = "https://files.pythonhosted.org/packages/41/7b/ddacf6dcebb42466abd03f368782142baa82e08fc0c1f8eaa05b4bae87d5/httpx-0.27.0-py3-none-any.whl", hash = "sha256:71d5465162c13681bff01ad59b2cc68dd838ea1f10e51574bac27103f00c91a5", size = 75590, upload-time = "2024-02-21T13:07:50.455Z" },
]

[[package]]
name = "idna"
version = "3.11"
source = { registry = "https://pypi.org/simple" }
sdist = { url = "https://files.pythonhosted.org/packages/6f/6d/0703ccc57f3a7233505399edb88de3cbd678da106337b9fcde432b65ed60/idna-3.11.tar.gz", hash = "sha256:795dafcc9c04ed0c1fb032c2aa73654d8e8c5023a7df64a53f39190ada629902", size = 194582, upload-time = "2025-10-12T14:55:20.501Z" }
wheels = [
    { url = "https://files.pythonhosted.org/packages/0e/61/66938bbb5fc52dbdf84594873d5b51fb1f7c7794e9c0f5bd885f30bc507b/idna-3.11-py3-none-any.whl", hash = "sha256:771a87f49d9defaf64091e6e6fe9c18d4833f140bd19464795bc32d966ca37ea", size = 71008, upload-time = "2025-10-12T14:55:18.883Z" },
]

[[package]]
name = "lxml"
version = "5.2.2"
source = { registry = "https://pypi.org/simple" }
sdist = { url = "https://files.pythonhosted.org/packages/63/f7/ffbb6d2eb67b80a45b8a0834baa5557a14a5ffce0979439e7cd7f0c4055b/lxml-5.2.2.tar.gz", hash = "sha256:bb2dc4898180bea79863d5487e5f9c7c34297414bad54bcd0f0852aee9cfdb87", size = 3678631, upload-time = "2024-05-13T05:58:21.968Z" }
wheels = [
    { url = "https://files.pythonhosted.org/packages/9b/e9/73c7e6f9a933ee82cd68599d6291c875379cbce2c47717b811744cfd2256/lxml-5.2.2-cp310-cp310-macosx_10_9_universal2.whl", hash = "sha256:364d03207f3e603922d0d3932ef363d55bbf48e3647395765f9bfcbdf6d23632", size = 8124248, upload-time = "2024-05-13T04:58:46.028Z" },
    { url = "https://files.pythonhosted.org/packages/f2/1e/364a7e4afe9d27cef4f7a684ace409a379c953fe0881b0f2ff67380ed9ea/lxml-5.2.2-cp310-cp310-macosx_10_9_x86_64.whl", hash = "sha256:50127c186f191b8917ea2fb8b206fbebe87fd414a6084d15568c27d0a21d60db", size = 4412062, upload-time = "2024-05-13T04:59:12.232Z" },
    { url = "https://files.pythonhosted.org/packages/06/0f/fd5d42f906eff843c9080fba7fdd005cdf1be697e19517013938c0581eed/lxml-5.2.2-cp310-cp310-manylinux_2_12_i686.manylinux2010_i686.manylinux_2_17_i686.manylinux2014_i686.whl", hash = "sha256:74e4f025ef3db1c6da4460dd27c118d8cd136d0391da4e387a15e48e5c975147", size = 5138539, upload-time = "2024-05-13T04:59:43.134Z" },
    { url = "https://files.pythonhosted.org/packages/06/53/6994084d29251e9ee0e8486d82416836a9d009208853e8216cbc4c924c8c/lxml-5.2.2-cp310-cp310-manylinux_2_17_aarch64.manylinux2014_aarch64.whl", hash = "sha256:981a06a3076997adf7c743dcd0d7a0415582661e2517c7d961493572e909aa1d", size = 4839289, upload-time = "2024-05-13T05:00:09.943Z" },
    { url = "https://files.pythonhosted.org/packages/68/ad/3cbe5b7005722cae504f3cc2879f444f6407fb1a8a1f53050f03ca784c46/lxml-5.2.2-cp310-cp310-manylinux_2_17_ppc64le.manylinux2014_ppc64le.whl", hash = "sha256:aef5474d913d3b05e613906ba4090433c515e13ea49c837aca18bde190853dff", size = 5420758, upload-time = "2024-05-13T05:00:42.829Z" },
    { url = "https://files.pythonhosted.org/packages/6b/2d/ea82f53acc12e7245a1927de78093654d140e6ef12bd2fcae41436c936da/lxml-5.2.2-cp310-cp310-manylinux_2_17_s390x.manylinux2014_s390x.whl", hash = "sha256:1e275ea572389e41e8b039ac076a46cb87ee6b8542df3fff26f5baab43713bca", size = 4874778, upload-time = "2024-05-13T05:01:09.377Z" },
    { url = "https://files.pythonhosted.org/packages/98/59/3877fd55ebc6d0f426583137bedeee21c9f6d5d5c829664a14103f5279a7/lxml-5.2.2-cp310-cp310-manylinux_2_17_x86_64.manylinux2014_x86_64.whl", hash = "sha256:f5b65529bb2f21ac7861a0e94fdbf5dc0daab41497d18223b46ee8515e5ad297", size = 5013017, upload-time = "2024-05-13T05:01:40.831Z" },
    { url = "https://files.pythonhosted.org/packages/84/2e/dac726231781599429ea0b3faf018c081334a68c68708e7381077f447033/lxml-5.2.2-cp310-cp310-manylinux_2_28_aarch64.whl", hash = "sha256:bcc98f911f10278d1daf14b87d65325851a1d29153caaf146877ec37031d5f36", size = 4816824, upload-time = "2024-05-13T05:02:08.517Z" },
    { url = "https://files.pythonhosted.org/packages/54/4d/47eb532c0472bb5495efe899740e3d928ddb79599e73d156d4cfa8e126a3/lxml-5.2.2-cp310-cp310-manylinux_2_28_ppc64le.whl", hash = "sha256:b47633251727c8fe279f34025844b3b3a3e40cd1b198356d003aa146258d13a2", size = 5468541, upload-time = "2024-05-13T05:02:35.513Z" },
    { url = "https://files.pythonhosted.org/packages/78/73/82a00717a29330cf56a4a7f3077aa7ee4d5171e79fcdd7d161d90df53122/lxml-5.2.2-cp310-cp310-manylinux_2_28_s390x.whl", hash = "sha256:fbc9d316552f9ef7bba39f4edfad4a734d3d6f93341232a9dddadec4f15d425f", size = 4977853, upload-time = "2024-05-13T05:03:01.29Z" },
    { url = "https://files.pythonhosted.org/packages/c6/24/8ddb86ab14428d4d222a383a5260eea93728192359a1fff5de8f7fa13374/lxml-5.2.2-cp310-cp310-manylinux_2_28_x86_64.whl", hash = "sha256:13e69be35391ce72712184f69000cda04fc89689429179bc4c0ae5f0b7a8c21b", size = 5030426, upload-time = "2024-05-13T05:03:29.419Z" },
    { url = "https://files.pythonhosted.org/packages/1f/fb/510777421d0231b3f601d7d6a9a494717bac3a206eca1518b38a869f5289/lxml-5.2.2-cp310-cp310-musllinux_1_1_aarch64.whl", hash = "sha256:3b6a30a9ab040b3f545b697cb3adbf3696c05a3a68aad172e3fd7ca73ab3c835", size = 4865825, upload-time = "2024-05-13T05:04:06.745Z" },
    { url = "https://files.pythonhosted.org/packages/27/0a/82b3f5b375d3252a76e73efb56857424804f5dabce62712e256f96d0fa69/lxml-5.2.2-cp310-cp310-musllinux_1_1_ppc64le.whl", hash = "sha256:a233bb68625a85126ac9f1fc66d24337d6e8a0f9207b688eec2e7c880f012ec0", size = 5417133, upload-time = "2024-05-13T05:04:39.824Z" },
    { url = "https://files.pythonhosted.org/packages/03/f4/73ea84c176aaff04ca10093fc7ac3912c4aa4793ef1c3f5a963a40db0a6f/lxml-5.2.2-cp310-cp310-musllinux_1_1_s390x.whl", hash = "sha256:dfa7c241073d8f2b8e8dbc7803c434f57dbb83ae2a3d7892dd068d99e96efe2c", size = 4838827, upload-time = "2024-05-13T05:05:03.5Z" },
    { url = "https://files.pythonhosted.org/packages/38/bc/e9269ba955b66ef2af8559d405514d8c055b5dfa58cec71f78f0bc4d7493/lxml-5.2.2-cp310-cp310-musllinux_1_1_x86_64.whl", hash = "sha256:1a7aca7964ac4bb07680d5c9d63b9d7028cace3e2d43175cb50bba8c5ad33316", size = 5004832, upload-time = "2024-05-13T05:05:29.082Z" },
    { url = "https://files.pythonhosted.org/packages/0a/99/a3abdfcde8f2a171a9e5f63b97bf2a6a6612c2356af151fb2bdc949e77ba/lxml-5.2.2-cp310-cp310-musllinux_1_2_aarch64.whl", hash = "sha256:ae4073a60ab98529ab8a72ebf429f2a8cc612619a8c04e08bed27450d52103c0", size = 4860569, upload-time = "2024-05-13T05:05:55.576Z" },
    { url = "https://files.pythonhosted.org/packages/1e/3c/ba4aa85a49a7bb9fef7062cd7f584b3da59d4bba82cef375164b95f60834/lxml-5.2.2-cp310-cp310-musllinux_1_2_ppc64le.whl", hash = "sha256:ffb2be176fed4457e445fe540617f0252a72a8bc56208fd65a690fdb1f57660b", size = 5506124, upload-time = "2024-05-13T05:06:20.992Z" },
    { url = "https://files.pythonhosted.org/packages/5c/5d/faebbdaae16a40eb559b3e1bf0548e23ad43716f1c5e781c1d2f9ac900ec/lxml-5.2.2-cp310-cp310-musllinux_1_2_s390x.whl", hash = "sha256:e290d79a4107d7d794634ce3e985b9ae4f920380a813717adf61804904dc4393", size = 4946883, upload-time = "2024-05-13T05:06:51.228Z" },
    { url = "https://files.pythonhosted.org/packages/31/47/64914d8e752c9dd13b7da69ca7b9f645983412206936058b5261c2c9e093/lxml-5.2.2-cp310-cp310-musllinux_1_2_x86_64.whl", hash = "sha256:96e85aa09274955bb6bd483eaf5b12abadade01010478154b0ec70284c1b1526", size = 5046267, upload-time = "2024-05-13T05:07:16.717Z" },
    { url = "https://files.pythonhosted.org/packages/54/c2/cc28433f429a6767e0de7b9f908ed0c88dc5c60195330d15686d6ba623a4/lxml-5.2.2-cp310-cp310-win32.whl", hash = "sha256:f956196ef61369f1685d14dad80611488d8dc1ef00be57c0c5a03064005b0f30", size = 3478736, upload-time = "2024-05-13T05:07:33.354Z" },
    { url = "https://files.pythonhosted.org/packages/5b/bc/51530ee31e3ce25634ed790e38a62ffaea6507befd73b51926e19ce794f9/lxml-5.2.2-cp310-cp310-win_amd64.whl", hash = "sha256:875a3f90d7eb5c5d77e529080d95140eacb3c6d13ad5b616ee8095447b1d22e7", size = 3807856, upload-time = "2024-05-13T05:07:56.002Z" },
    { url = "https://files.pythonhosted.org/packages/da/6a/24e9f77d17668dd4ac0a6c2a56113fd3e0db07cee51e3a67afcd47c597e5/lxml-5.2.2-cp311-cp311-macosx_10_9_universal2.whl", hash = "sha256:45f9494613160d0405682f9eee781c7e6d1bf45f819654eb249f8f46a2c22545", size = 8137962, upload-time = "2024-05-13T05:08:37.117Z" },
    { url = "https://files.pythonhosted.org/packages/4e/42/3bfe92749715c819763d2205370ecc7f586b44e277f38839e27cce7d6bb8/lxml-5.2.2-cp311-cp311-macosx_10_9_x86_64.whl", hash = "sha256:b0b3f2df149efb242cee2ffdeb6674b7f30d23c9a7af26595099afaf46ef4e88", size = 4424403, upload-time = "2024-05-13T05:09:02.004Z" },
    { url = "https://files.pythonhosted.org/packages/d5/fd/4899215277e3ef1767019fab178fad8a149081f80cf886a73dc0ba1badae/lxml-5.2.2-cp311-cp311-manylinux_2_12_i686.manylinux2010_i686.manylinux_2_17_i686.manylinux2014_i686.whl", hash = "sha256:d28cb356f119a437cc58a13f8135ab8a4c8ece18159eb9194b0d269ec4e28083", size = 5099309, upload-time = "2024-05-13T05:09:31.198Z" },
    { url = "https://files.pythonhosted.org/packages/15/3d/d84d07fc450af34ce49b88a5aac805b486f38c9f9305fba647a39367c51c/lxml-5.2.2-cp311-cp311-manylinux_2_17_aarch64.manylinux2014_aarch64.whl", hash = "sha256:657a972f46bbefdbba2d4f14413c0d079f9ae243bd68193cb5061b9732fa54c1", size = 4810147, upload-time = "2024-05-13T05:09:53.459Z" },
    { url = "https://files.pythonhosted.org/packages/bc/c6/32af0ec3e8323e12212c064f924ddf993017e68d1f50e03da2a3be1289c1/lxml-5.2.2-cp311-cp311-manylinux_2_17_ppc64le.manylinux2014_ppc64le.whl", hash = "sha256:b74b9ea10063efb77a965a8d5f4182806fbf59ed068b3c3fd6f30d2ac7bee734", size = 5406165, upload-time = "2024-05-13T05:10:24.534Z" },
    { url = "https://files.pythonhosted.org/packages/67/c7/6060ea3efbd1a60a10963b1b09f493fc8f6f6728310a7a77479a3f9ab20a/lxml-5.2.2-cp311-cp311-manylinux_2_17_s390x.manylinux2014_s390x.whl", hash = "sha256:07542787f86112d46d07d4f3c4e7c760282011b354d012dc4141cc12a68cef5f", size = 4866924, upload-time = "2024-05-13T05:10:49.944Z" },
    { url = "https://files.pythonhosted.org/packages/8a/f7/f5df71c70c4d14d186dd86fd0e9ebeffdb63b9b86fb19fe9315f9576266b/lxml-5.2.2-cp311-cp311-manylinux_2_17_x86_64.manylinux2014_x86_64.whl", hash = "sha256:303f540ad2dddd35b92415b74b900c749ec2010e703ab3bfd6660979d01fd4ed", size = 4967116, upload-time = "2024-05-13T05:11:19.005Z" },
    { url = "https://files.pythonhosted.org/packages/4e/56/c35969591789763657eb16c2fa79c924823b97da5536da8b89e11582da89/lxml-5.2.2-cp311-cp311-manylinux_2_28_aarch64.whl", hash = "sha256:2eb2227ce1ff998faf0cd7fe85bbf086aa41dfc5af3b1d80867ecfe75fb68df3", size = 4811365, upload-time = "2024-05-13T05:11:46.543Z" },
    { url = "https://files.pythonhosted.org/packages/e7/28/1809a5406282c03df561a3c8143c143bd515d5668f1a138f51aec6d2618e/lxml-5.2.2-cp311-cp311-manylinux_2_28_ppc64le.whl", hash = "sha256:1d8a701774dfc42a2f0b8ccdfe7dbc140500d1049e0632a611985d943fcf12df", size = 5452505, upload-time = "2024-05-13T05:12:14.507Z" },
    { url = "https://files.pythonhosted.org/packages/99/a1/d91217a8d7fef5ac41af87c916d322c273a9b2047c735ea1dafa2ac46d16/lxml-5.2.2-cp311-cp311-manylinux_2_28_s390x.whl", hash = "sha256:56793b7a1a091a7c286b5f4aa1fe4ae5d1446fe742d00cdf2ffb1077865db10d", size = 4973479, upload-time = "2024-05-13T05:12:43.914Z" },
    { url = "https://files.pythonhosted.org/packages/ad/b7/0dc82afed00c4c189cfd0b83464f9a431c66de8e73d911063956a147276a/lxml-5.2.2-cp311-cp311-manylinux_2_28_x86_64.whl", hash = "sha256:eb00b549b13bd6d884c863554566095bf6fa9c3cecb2e7b399c4bc7904cb33b5", size = 5013920, upload-time = "2024-05-13T05:13:10.517Z" },
    { url = "https://files.pythonhosted.org/packages/5f/e0/4cd021850f2e8ab5ce6ce294556300bd4b5c1eb7def88b5f859449dc883c/lxml-5.2.2-cp311-cp311-musllinux_1_1_aarch64.whl", hash = "sha256:1a2569a1f15ae6c8c64108a2cd2b4a858fc1e13d25846be0666fc144715e32ab", size = 4849156, upload-time = "2024-05-13T05:13:35.768Z" },
    { url = "https://files.pythonhosted.org/packages/f0/f4/fb01451fda1e121eb8f117a00040454ca05a9c9d82b308272042eebd05f3/lxml-5.2.2-cp311-cp311-musllinux_1_1_ppc64le.whl", hash = "sha256:8cf85a6e40ff1f37fe0f25719aadf443686b1ac7652593dc53c7ef9b8492b115", size = 5408551, upload-time = "2024-05-13T05:14:08.124Z" },
    { url = "https://files.pythonhosted.org/packages/2f/ca/0376418e202e9423d47f86ae09db885fa6e109d0efb602f6468e6d1e8e77/lxml-5.2.2-cp311-cp311-musllinux_1_1_s390x.whl", hash = "sha256:d237ba6664b8e60fd90b8549a149a74fcc675272e0e95539a00522e4ca688b04", size = 4829966, upload-time = "2024-05-13T05:14:39.48Z" },
    { url = "https://files.pythonhosted.org/packages/74/c4/4e6f5e2be18f8eb76dff5bff3619c2c654650fee93aea37a92866efe90bc/lxml-5.2.2-cp311-cp311-musllinux_1_1_x86_64.whl", hash = "sha256:0b3f5016e00ae7630a4b83d0868fca1e3d494c78a75b1c7252606a3a1c5fc2ad", size = 4976003, upload-time = "2024-05-13T05:15:02.719Z" },
    { url = "https://files.pythonhosted.org/packages/3b/ca/5d74a0572c911f8dbf12d89abe0fdcbe0409c18978b5694392becd4d56fb/lxml-5.2.2-cp311-cp311-musllinux_1_2_aarch64.whl", hash = "sha256:23441e2b5339bc54dc949e9e675fa35efe858108404ef9aa92f0456929ef6fe8", size = 4852709, upload-time = "2024-05-13T05:15:26.151Z" },
    { url = "https://files.pythonhosted.org/packages/83/07/d95e9663ad8d875f344930e4fb52a0a6f56225267d3cc6e3e9bfa44ca736/lxml-5.2.2-cp311-cp311-musllinux_1_2_ppc64le.whl", hash = "sha256:2fb0ba3e8566548d6c8e7dd82a8229ff47bd8fb8c2da237607ac8e5a1b8312e5", size = 5479261, upload-time = "2024-05-13T05:15:56.219Z" },
    { url = "https://files.pythonhosted.org/packages/df/e1/9ebae8d05492a8e9f632f2add15199e7bca5c1b063444e360a7bde685718/lxml-5.2.2-cp311-cp311-musllinux_1_2_s390x.whl", hash = "sha256:79d1fb9252e7e2cfe4de6e9a6610c7cbb99b9708e2c3e29057f487de5a9eaefa", size = 4944199, upload-time = "2024-05-13T05:16:25.616Z" },
    { url = "https://files.pythonhosted.org/packages/ec/ab/189f571450e3393d4d442f88683d11b5a47c88e66a4e6b0d467500360483/lxml-5.2.2-cp311-cp311-musllinux_1_2_x86_64.whl", hash = "sha256:6dcc3d17eac1df7859ae01202e9bb11ffa8c98949dcbeb1069c8b9a75917e01b", size = 5033723, upload-time = "2024-05-13T05:16:49.077Z" },
    { url = "https://files.pythonhosted.org/packages/80/d7/f28ccad4f08596592a58ad945c636140268bb4de9dcf4d10c9f72108d8a5/lxml-5.2.2-cp311-cp311-win32.whl", hash = "sha256:4c30a2f83677876465f44c018830f608fa3c6a8a466eb223535035fbc16f3438", size = 3475657, upload-time = "2024-05-13T05:17:03.477Z" },
    { url = "https://files.pythonhosted.org/packages/04/19/d6aa2d980f220a04c91d4de538d2fea1a65535e7b0a4aec0998ce46e3667/lxml-5.2.2-cp311-cp311-win_amd64.whl", hash = "sha256:49095a38eb333aaf44c06052fd2ec3b8f23e19747ca7ec6f6c954ffea6dbf7be", size = 3816665, upload-time = "2024-05-13T05:17:24.698Z" },
    { url = "https://files.pythonhosted.org/packages/26/36/6e00905cb4de2d014f4a62df58f0e82d262b5461245d951a6e7442b0222a/lxml-5.2.2-cp312-cp312-macosx_10_9_universal2.whl", hash = "sha256:7429e7faa1a60cad26ae4227f4dd0459efde239e494c7312624ce228e04f6391", size = 8171540, upload-time = "2024-05-13T05:18:10.233Z" },
    { url = "https://files.pythonhosted.org/packages/d6/68/7e9de19d47cd5430414063cd7739e8c8d8386016740c18af5ff13b64ff5c/lxml-5.2.2-cp312-cp312-macosx_10_9_x86_64.whl", hash = "sha256:50ccb5d355961c0f12f6cf24b7187dbabd5433f29e15147a67995474f27d1776", size = 4441241, upload-time = "2024-05-13T05:18:38.663Z" },
    { url = "https://files.pythonhosted.org/packages/b4/1f/6a88a8e1b6a9be644c74e5f72cf581cb342a392e020c60a389cd194ebba1/lxml-5.2.2-cp312-cp312-manylinux_2_12_i686.manylinux2010_i686.manylinux_2_17_i686.manylinux2014_i686.whl", hash = "sha256:dc911208b18842a3a57266d8e51fc3cfaccee90a5351b92079beed912a7914c2", size = 5052926, upload-time = "2024-05-13T05:19:03.374Z" },
    { url = "https://files.pythonhosted.org/packages/6b/cc/8e73a63c2aeb205fbed44272fea8c5ded07920233b9956e8e304e2516931/lxml-5.2.2-cp312-cp312-manylinux_2_17_aarch64.manylinux2014_aarch64.whl", hash = "sha256:33ce9e786753743159799fdf8e92a5da351158c4bfb6f2db0bf31e7892a1feb5", size = 4748543, upload-time = "2024-05-13T05:19:22.043Z" },
    { url = "https://files.pythonhosted.org/packages/ae/fc/6020fe1468fccb684619df6765a79b67229091631e5f14b97c3efcd75ca7/lxml-5.2.2-cp312-cp312-manylinux_2_17_ppc64le.manylinux2014_ppc64le.whl", hash = "sha256:ec87c44f619380878bd49ca109669c9f221d9ae6883a5bcb3616785fa8f94c97", size = 5320915, upload-time = "2024-05-13T05:19:54.807Z" },
    { url = "https://files.pythonhosted.org/packages/25/6c/02cecb6a26b0baec373baa3f4fb55343cf0d8710d6a853ff4c4b12a9cf16/lxml-5.2.2-cp312-cp312-manylinux_2_17_s390x.manylinux2014_s390x.whl", hash = "sha256:08ea0f606808354eb8f2dfaac095963cb25d9d28e27edcc375d7b30ab01abbf6", size = 4814179, upload-time = "2024-05-13T05:20:20.668Z" },
    { url = "https://files.pythonhosted.org/packages/de/12/0253de661bb9f8c26b47059be4ed2ec5b9e4411fd2b1d45a2f4b399a7616/lxml-5.2.2-cp312-cp312-manylinux_2_17_x86_64.manylinux2014_x86_64.whl", hash = "sha256:75a9632f1d4f698b2e6e2e1ada40e71f369b15d69baddb8968dcc8e683839b18", size = 4923168, upload-time = "2024-05-13T05:20:47.622Z" },
    { url = "https://files.pythonhosted.org/packages/cd/e7/63435cfa76534fb33a9656507057b96a25bb850ae932424b9724c9fe379e/lxml-5.2.2-cp312-cp312-manylinux_2_28_aarch64.whl", hash = "sha256:74da9f97daec6928567b48c90ea2c82a106b2d500f397eeb8941e47d30b1ca85", size = 4741798, upload-time = "2024-05-13T05:21:13.567Z" },
    { url = "https://files.pythonhosted.org/packages/27/7f/9e203e850609fa12c8b347fcceaba8655f062bc19ace7a837bb7fcf64b8f/lxml-5.2.2-cp312-cp312-manylinux_2_28_ppc64le.whl", hash = "sha256:0969e92af09c5687d769731e3f39ed62427cc72176cebb54b7a9d52cc4fa3b73", size = 5347143, upload-time = "2024-05-13T05:21:37.962Z" },
    { url = "https://files.pythonhosted.org/packages/d9/d2/089fcb90e6bdd16639656c2632573508ae02f42a3b034376d3e32efd2ccc/lxml-5.2.2-cp312-cp312-manylinux_2_28_s390x.whl", hash = "sha256:9164361769b6ca7769079f4d426a41df6164879f7f3568be9086e15baca61466", size = 4901745, upload-time = "2024-05-13T05:22:01.481Z" },
    { url = "https://files.pythonhosted.org/packages/9a/87/cff3c63ebe067ec9a7cc1948c379b8a16e7990c29bd5baf77c0a1dbd03c0/lxml-5.2.2-cp312-cp312-manylinux_2_28_x86_64.whl", hash = "sha256:d26a618ae1766279f2660aca0081b2220aca6bd1aa06b2cf73f07383faf48927", size = 4947584, upload-time = "2024-05-13T05:22:28.464Z" },
    { url = "https://files.pythonhosted.org/packages/73/3f/5a22be26edce482cb5dbdc5cf75544cfd1d3fb1389124d06995395829617/lxml-5.2.2-cp312-cp312-musllinux_1_1_aarch64.whl", hash = "sha256:ab67ed772c584b7ef2379797bf14b82df9aa5f7438c5b9a09624dd834c1c1aaf", size = 4790271, upload-time = "2024-05-13T05:22:59.482Z" },
    { url = "https://files.pythonhosted.org/packages/b5/66/007666e7878ca746e44da3b4c2acf9d5c617dd51e152e89589e7eeb59f87/lxml-5.2.2-cp312-cp312-musllinux_1_1_ppc64le.whl", hash = "sha256:3d1e35572a56941b32c239774d7e9ad724074d37f90c7a7d499ab98761bd80cf", size = 5340401, upload-time = "2024-05-13T05:23:35.138Z" },
    { url = "https://files.pythonhosted.org/packages/9d/3e/b7464d5c06a57cb206fd14a9251bfa75ae03d4f6b1c0c41cf82111bdfa3b/lxml-5.2.2-cp312-cp312-musllinux_1_1_s390x.whl", hash = "sha256:8268cbcd48c5375f46e000adb1390572c98879eb4f77910c6053d25cc3ac2c67", size = 4784839, upload-time = "2024-05-13T05:24:05.271Z" },
    { url = "https://files.pythonhosted.org/packages/5b/70/1c45927de1cd7dc47292cfa8a9eb7928b38ce5647d66601bd169b25af4a7/lxml-5.2.2-cp312-cp312-musllinux_1_1_x86_64.whl", hash = "sha256:e282aedd63c639c07c3857097fc0e236f984ceb4089a8b284da1c526491e3f3d", size = 4933979, upload-time = "2024-05-13T05:24:31.213Z" },
    { url = "https://files.pythonhosted.org/packages/08/e1/51f6ad2bdb5f28fceeb6bd591d4a0ed5de42ffc6741fd88eb2209c6a46f2/lxml-5.2.2-cp312-cp312-musllinux_1_2_aarch64.whl", hash = "sha256:6dfdc2bfe69e9adf0df4915949c22a25b39d175d599bf98e7ddf620a13678585", size = 4782412, upload-time = "2024-05-13T05:24:57.208Z" },
    { url = "https://files.pythonhosted.org/packages/81/13/7df8804d4fb678e0216f6f4532754fd471856b5cb24726dab55a3b65f527/lxml-5.2.2-cp312-cp312-musllinux_1_2_ppc64le.whl", hash = "sha256:4aefd911793b5d2d7a921233a54c90329bf3d4a6817dc465f12ffdfe4fc7b8fe", size = 5371318, upload-time = "2024-05-13T05:25:31.296Z" },
    { url = "https://files.pythonhosted.org/packages/d7/7d/c98b7ef3e496a9c371057dc955be1fda04dab4e8af488b01bec254e1b59b/lxml-5.2.2-cp312-cp312-musllinux_1_2_s390x.whl", hash = "sha256:8b8df03a9e995b6211dafa63b32f9d405881518ff1ddd775db4e7b98fb545e1c", size = 4871432, upload-time = "2024-05-13T05:25:53.63Z" },
    { url = "https://files.pythonhosted.org/packages/3e/fa/b361d670ffa8f477504b7fc0e5734a7878815c7e0b6769f3a5a903a94aee/lxml-5.2.2-cp312-cp312-musllinux_1_2_x86_64.whl", hash = "sha256:f11ae142f3a322d44513de1018b50f474f8f736bc3cd91d969f464b5bfef8836", size = 4972719, upload-time = "2024-05-13T05:26:20.764Z" },
    { url = "https://files.pythonhosted.org/packages/fc/43/70e469a190a8f39ca5829b4ef4f2f7299ce65243abe46ba4a73dc58c1365/lxml-5.2.2-cp312-cp312-win32.whl", hash = "sha256:16a8326e51fcdffc886294c1e70b11ddccec836516a343f9ed0f82aac043c24a", size = 3487299, upload-time = "2024-05-13T05:26:44.707Z" },
    { url = "https://files.pythonhosted.org/packages/58/16/99b03974974537c8c786fb98183d7c213ceb16e71205174a29ae869ca988/lxml-5.2.2-cp312-cp312-win_amd64.whl", hash = "sha256:bbc4b80af581e18568ff07f6395c02114d05f4865c2812a1f02f2eaecf0bfd48", size = 3817779, upload-time = "2024-05-13T05:27:10.314Z" },
    { url = "https://files.pythonhosted.org/packages/51/79/9f7d249850c9f8357538055359bffa91cc9f0606fcea72b6881fdea9ee39/lxml-5.2.2-cp39-cp39-macosx_10_9_universal2.whl", hash = "sha256:fb91819461b1b56d06fa4bcf86617fac795f6a99d12239fb0c68dbeba41a0a30", size = 8129295, upload-time = "2024-05-13T05:40:34.767Z" },
    { url = "https://files.pythonhosted.org/packages/40/94/cc5a570ae1dcd337a6b63330d8fd6ff81dc27310574157129faca3ddbfe7/lxml-5.2.2-cp39-cp39-macosx_10_9_x86_64.whl", hash = "sha256:d4ed0c7cbecde7194cd3228c044e86bf73e30a23505af852857c09c24e77ec5d", size = 4415097, upload-time = "2024-05-13T05:41:00.715Z" },
    { url = "https://files.pythonhosted.org/packages/bc/41/38d7e67e72f87fea0d9f2fd37e394484eb32b102d3a0520611a65e992602/lxml-5.2.2-cp39-cp39-manylinux_2_12_i686.manylinux2010_i686.manylinux_2_17_i686.manylinux2014_i686.whl", hash = "sha256:54401c77a63cc7d6dc4b4e173bb484f28a5607f3df71484709fe037c92d4f0ed", size = 5139658, upload-time = "2024-05-13T05:41:30.292Z" },
    { url = "https://files.pythonhosted.org/packages/6f/3f/66f7869f12bf6f21af6b24b0b29e4bccc162efa276ee46a58e6993b63f5a/lxml-5.2.2-cp39-cp39-manylinux_2_17_aarch64.manylinux2014_aarch64.whl", hash = "sha256:625e3ef310e7fa3a761d48ca7ea1f9d8718a32b1542e727d584d82f4453d5eeb", size = 4839453, upload-time = "2024-05-13T05:41:57.06Z" },
    { url = "https://files.pythonhosted.org/packages/f5/67/5dd78932c10e49f5fd3d0cd63d27bcaa801fae8f64c643a931e0391c56e2/lxml-5.2.2-cp39-cp39-manylinux_2_17_ppc64le.manylinux2014_ppc64le.whl", hash = "sha256:519895c99c815a1a24a926d5b60627ce5ea48e9f639a5cd328bda0515ea0f10c", size = 5422704, upload-time = "2024-05-13T05:42:25.827Z" },
    { url = "https://files.pythonhosted.org/packages/0f/e8/c0dd37abb15dd982e348c666ae02a7767d7a70acf143d5e24a906de2b29f/lxml-5.2.2-cp39-cp39-manylinux_2_17_s390x.manylinux2014_s390x.whl", hash = "sha256:c7079d5eb1c1315a858bbf180000757db8ad904a89476653232db835c3114001", size = 4875536, upload-time = "2024-05-13T05:42:44.108Z" },
    { url = "https://files.pythonhosted.org/packages/e5/43/d60da0fe90a9a48198a23268dd2dafeac46f880adda6739b4cbbcec65a02/lxml-5.2.2-cp39-cp39-manylinux_2_17_x86_64.manylinux2014_x86_64.whl", hash = "sha256:343ab62e9ca78094f2306aefed67dcfad61c4683f87eee48ff2fd74902447726", size = 5013656, upload-time = "2024-05-13T05:43:10.028Z" },
    { url = "https://files.pythonhosted.org/packages/f6/59/74549a8c486d60c24c8cae942325e60916fb2699b1cbec89025ceeb49e51/lxml-5.2.2-cp39-cp39-manylinux_2_28_aarch64.whl", hash = "sha256:cd9e78285da6c9ba2d5c769628f43ef66d96ac3085e59b10ad4f3707980710d3", size = 4818873, upload-time = "2024-05-13T05:43:28.901Z" },
    { url = "https://files.pythonhosted.org/packages/9b/d5/469cc5b87f704d951d558ab8dcf4a6a1e339dbfd4cf82788d6c5f76daa55/lxml-5.2.2-cp39-cp39-manylinux_2_28_ppc64le.whl", hash = "sha256:546cf886f6242dff9ec206331209db9c8e1643ae642dea5fdbecae2453cb50fd", size = 5470990, upload-time = "2024-05-13T05:44:00.869Z" },
    { url = "https://files.pythonhosted.org/packages/0d/89/d2f6f90e30cf7eb4477554a13f8a7b8aadaf762d595c76a434eb26d0947c/lxml-5.2.2-cp39-cp39-manylinux_2_28_s390x.whl", hash = "sha256:02f6a8eb6512fdc2fd4ca10a49c341c4e109aa6e9448cc4859af5b949622715a", size = 4979955, upload-time = "2024-05-13T05:44:28.131Z" },
    { url = "https://files.pythonhosted.org/packages/c4/34/11d8b7bacec6b9af6305a266cc5a2695f81427dba9a4c2d59791b5b156e5/lxml-5.2.2-cp39-cp39-manylinux_2_28_x86_64.whl", hash = "sha256:339ee4a4704bc724757cd5dd9dc8cf4d00980f5d3e6e06d5847c1b594ace68ab", size = 5028329, upload-time = "2024-05-13T05:44:55.462Z" },
    { url = "https://files.pythonhosted.org/packages/2b/40/9a1782445756e1c3b028a26d8ce1864042d13ba8c7e5aa1eeb12a6b3b410/lxml-5.2.2-cp39-cp39-musllinux_1_1_aarch64.whl", hash = "sha256:0a028b61a2e357ace98b1615fc03f76eb517cc028993964fe08ad514b1e8892d", size = 4866331, upload-time = "2024-05-13T05:45:25.379Z" },
    { url = "https://files.pythonhosted.org/packages/b4/10/741b8edfacede7a3bcec3f0f781fcc9270efe276b0fe73aa0330217c41fa/lxml-5.2.2-cp39-cp39-musllinux_1_1_ppc64le.whl", hash = "sha256:f90e552ecbad426eab352e7b2933091f2be77115bb16f09f78404861c8322981", size = 5420205, upload-time = "2024-05-13T05:45:55.569Z" },
    { url = "https://files.pythonhosted.org/packages/88/8f/320abad6e805b6bff2920ce99fea4e818598bee771e10744a2a173402a4d/lxml-5.2.2-cp39-cp39-musllinux_1_1_s390x.whl", hash = "sha256:d83e2d94b69bf31ead2fa45f0acdef0757fa0458a129734f59f67f3d2eb7ef32", size = 4841182, upload-time = "2024-05-13T05:46:16.255Z" },
    { url = "https://files.pythonhosted.org/packages/2b/94/fc50d1b8b8dcd75e3020b420339d650657fc2f6fcdeadbfcd39f63ee4292/lxml-5.2.2-cp39-cp39-musllinux_1_1_x86_64.whl", hash = "sha256:a02d3c48f9bb1e10c7788d92c0c7db6f2002d024ab6e74d6f45ae33e3d0288a3", size = 5006820, upload-time = "2024-05-13T05:46:35.913Z" },
    { url = "https://files.pythonhosted.org/packages/21/83/46e40a901e00105a3520d57d6726ac1e5c8a9276f5972ef26b4be54789f1/lxml-5.2.2-cp39-cp39-musllinux_1_2_aarch64.whl", hash = "sha256:6d68ce8e7b2075390e8ac1e1d3a99e8b6372c694bbe612632606d1d546794207", size = 4861349, upload-time = "2024-05-13T05:47:03.428Z" },
    { url = "https://files.pythonhosted.org/packages/ee/92/a5a02b2b556b8736061532588a07dafdd0fa3bd34c515d600790ff931a5b/lxml-5.2.2-cp39-cp39-musllinux_1_2_ppc64le.whl", hash = "sha256:453d037e09a5176d92ec0fd282e934ed26d806331a8b70ab431a81e2fbabf56d", size = 5507842, upload-time = "2024-05-13T05:47:33.437Z" },
    { url = "https://files.pythonhosted.org/packages/ab/a1/4c25151d56943c76937a976d5f5cc5047e4e60322e3af189d76d1a09e021/lxml-5.2.2-cp39-cp39-musllinux_1_2_s390x.whl", hash = "sha256:3b019d4ee84b683342af793b56bb35034bd749e4cbdd3d33f7d1107790f8c472", size = 4949210, upload-time = "2024-05-13T05:47:57.07Z" },
    { url = "https://files.pythonhosted.org/packages/bc/7a/6b40c5bca97a9b685d1db5217cd51f829c5ed16fe797b0c40eb6e33f7cb5/lxml-5.2.2-cp39-cp39-musllinux_1_2_x86_64.whl", hash = "sha256:cb3942960f0beb9f46e2a71a3aca220d1ca32feb5a398656be934320804c0df9", size = 5047392, upload-time = "2024-05-13T05:48:24.311Z" },
    { url = "https://files.pythonhosted.org/packages/fb/53/7b3959a5d41c696db8cf7e4481bf1ac630f7a882215b332e795107d10d19/lxml-5.2.2-cp39-cp39-win32.whl", hash = "sha256:ac6540c9fff6e3813d29d0403ee7a81897f1d8ecc09a8ff84d2eea70ede1cdbf", size = 3479661, upload-time = "2024-05-13T05:48:44.27Z" },
    { url = "https://files.pythonhosted.org/packages/78/c7/0479936ae05ec99a855cea94fcedfa6b3b2d642689e52122722811f54afe/lxml-5.2.2-cp39-cp39-win_amd64.whl", hash = "sha256:610b5c77428a50269f38a534057444c249976433f40f53e3b47e68349cca1425", size = 3809160, upload-time = "2024-05-13T05:49:04.129Z" },
    { url = "https://files.pythonhosted.org/packages/00/68/cd5637510441ab4556f087b342000e4ae2d0cf3bea67b073a4327f31020c/lxml-5.2.2-pp310-pypy310_pp73-macosx_10_9_x86_64.whl", hash = "sha256:b537bd04d7ccd7c6350cdaaaad911f6312cbd61e6e6045542f781c7f8b2e99d2", size = 3927145, upload-time = "2024-05-13T05:49:26.976Z" },
    { url = "https://files.pythonhosted.org/packages/f6/e0/1122d5b6a10eb71fac4276a0d3b1f5cf1ef0a29f774601d4740e80a70e1a/lxml-5.2.2-pp310-pypy310_pp73-manylinux_2_17_aarch64.manylinux2014_aarch64.whl", hash = "sha256:4820c02195d6dfb7b8508ff276752f6b2ff8b64ae5d13ebe02e7667e035000b9", size = 4215917, upload-time = "2024-05-13T05:49:53.142Z" },
    { url = "https://files.pythonhosted.org/packages/95/d1/ff0c68a61a385f6dffd4c099bc9720cb127bb94f0df8e71f52fe539f85b7/lxml-5.2.2-pp310-pypy310_pp73-manylinux_2_17_x86_64.manylinux2014_x86_64.whl", hash = "sha256:f2a09f6184f17a80897172863a655467da2b11151ec98ba8d7af89f17bf63dae", size = 4326313, upload-time = "2024-05-13T05:50:14.015Z" },
    { url = "https://files.pythonhosted.org/packages/a8/3c/c9ce5ba91764aaea8944b8e90543ba2e8fc2610d4c5c052160e83ac100b6/lxml-5.2.2-pp310-pypy310_pp73-manylinux_2_28_aarch64.whl", hash = "sha256:76acba4c66c47d27c8365e7c10b3d8016a7da83d3191d053a58382311a8bf4e1", size = 4218518, upload-time = "2024-05-13T05:50:34.199Z" },
    { url = "https://files.pythonhosted.org/packages/59/03/df1fc5b9f1db8502863ebef8f6a6f37131d7e7c432e997724689221052d9/lxml-5.2.2-pp310-pypy310_pp73-manylinux_2_28_x86_64.whl", hash = "sha256:b128092c927eaf485928cec0c28f6b8bead277e28acf56800e972aa2c2abd7a2", size = 4351481, upload-time = "2024-05-13T05:50:56.453Z" },
    { url = "https://files.pythonhosted.org/packages/f0/ca/8f3b5500119f2651e45d261506e2246b960691239aa499411b763aa79a61/lxml-5.2.2-pp310-pypy310_pp73-win_amd64.whl", hash = "sha256:ae791f6bd43305aade8c0e22f816b34f3b72b6c820477aab4d18473a37e8090b", size = 3488498, upload-time = "2024-05-13T05:51:14.803Z" },
    { url = "https://files.pythonhosted.org/packages/37/ee/4e2c2d6b86c448a39f4d8bfdce5fa65a116c716dc6bfb257f404ebf5f222/lxml-5.2.2-pp39-pypy39_pp73-macosx_10_9_x86_64.whl", hash = "sha256:34e17913c431f5ae01d8658dbf792fdc457073dcdfbb31dc0cc6ab256e664a8d", size = 3924281, upload-time = "2024-05-13T05:55:59.901Z" },
    { url = "https://files.pythonhosted.org/packages/76/51/0e53d8b7dfce944b6f9136ec4346f910c507ced0b16b520b61f2e98cbc55/lxml-5.2.2-pp39-pypy39_pp73-manylinux_2_17_aarch64.manylinux2014_aarch64.whl", hash = "sha256:05f8757b03208c3f50097761be2dea0aba02e94f0dc7023ed73a7bb14ff11eb0", size = 4214485, upload-time = "2024-05-13T05:56:27.202Z" },
    { url = "https://files.pythonhosted.org/packages/b1/d9/7a3aebdf5eb50b8a1e3b70c8b693fdc314b5e41b289d31c9c6d383b1aa44/lxml-5.2.2-pp39-pypy39_pp73-manylinux_2_17_x86_64.manylinux2014_x86_64.whl", hash = "sha256:6a520b4f9974b0a0a6ed73c2154de57cdfd0c8800f4f15ab2b73238ffed0b36e", size = 4324516, upload-time = "2024-05-13T05:56:49.157Z" },
    { url = "https://files.pythonhosted.org/packages/a0/f9/c079a1690bfab601122e9355f34a71c17e2d7c74b0ea460c42288b68f96c/lxml-5.2.2-pp39-pypy39_pp73-manylinux_2_28_aarch64.whl", hash = "sha256:5e097646944b66207023bc3c634827de858aebc226d5d4d6d16f0b77566ea182", size = 4215143, upload-time = "2024-05-13T05:57:09.232Z" },
    { url = "https://files.pythonhosted.org/packages/c6/63/27d3d039276e87ac956cb1c3ddc3a2f949512630de6ecf202a9780588927/lxml-5.2.2-pp39-pypy39_pp73-manylinux_2_28_x86_64.whl", hash = "sha256:b5e4ef22ff25bfd4ede5f8fb30f7b24446345f3e79d9b7455aef2836437bc38a", size = 4347095, upload-time = "2024-05-13T05:57:35.841Z" },
    { url = "https://files.pythonhosted.org/packages/2a/a6/86ef80e010cb757107ff079990b0e07d41b0b60c9eae20423be809877355/lxml-5.2.2-pp39-pypy39_pp73-win_amd64.whl", hash = "sha256:ff69a9a0b4b17d78170c73abe2ab12084bdf1691550c5629ad1fe7849433f324", size = 3487478, upload-time = "2024-05-13T05:57:59.526Z" },
]

[[package]]
name = "python-dotenv"
version = "1.0.1"
source = { registry = "https://pypi.org/simple" }
sdist = { url = "https://files.pythonhosted.org/packages/bc/57/e84d88dfe0aec03b7a2d4327012c1627ab5f03652216c63d49846d7a6c58/python-dotenv-1.0.1.tar.gz", hash = "sha256:e324ee90a023d808f1959c46bcbc04446a10ced277783dc6ee09987c37ec10ca", size = 39115, upload-time = "2024-01-23T06:33:00.505Z" }
wheels = [
    { url = "https://files.pythonhosted.org/packages/6a/3e/b68c118422ec867fa7ab88444e1274aa40681c606d59ac27de5a5588f082/python_dotenv-1.0.1-py3-none-any.whl", hash = "sha256:f7b63ef50f1b690dddf550d03497b66d609393b40b564ed0d674909a68ebf16a", size = 19863, upload-time = "2024-01-23T06:32:58.246Z" },
]

[[package]]
name = "python-telegram-bot"
version = "21.5"
source = { registry = "https://pypi.org/simple" }
dependencies = [
    { name = "httpx" },
]
sdist = { url = "https://files.pythonhosted.org/packages/95/7e/b23ca1d8a712085a56132c274fbfe04d5b847a029af1966114c8b7117415/python_telegram_bot-21.5.tar.gz", hash = "sha256:2d679173072cce8d6b49aac2e438d49dbfc01c1a4ef5658828c2a65951ee830b", size = 427686, upload-time = "2024-09-01T13:35:46.634Z" }
wheels = [
    { url = "https://files.pythonhosted.org/packages/4b/d8/f4e6bf4c51fa5aec4cce8189358c536c27425b038fd230ddbbfdba740ee2/python_telegram_bot-21.5-py3-none-any.whl", hash = "sha256:1bbba653477ba164411622b717a0cfe1eb7843da016348e41df97f96c93f578e", size = 648778, upload-time = "2024-09-01T13:35:44.331Z" },
]

[[package]]
name = "sgmllib3k"
version = "1.0.0"
source = { registry = "https://pypi.org/simple" }
sdist = { url = "https://files.pythonhosted.org/packages/9e/bd/3704a8c3e0942d711c1299ebf7b9091930adae6675d7c8f476a7ce48653c/sgmllib3k-1.0.0.tar.gz", hash = "sha256:7868fb1c8bfa764c1ac563d3cf369c381d1325d36124933a726f29fcdaa812e9", size = 5750, upload-time = "2010-08-24T14:33:52.445Z" }

[[package]]
name = "sniffio"
version = "1.3.1"
source = { registry = "https://pypi.org/simple" }
sdist = { url = "https://files.pythonhosted.org/packages/a2/87/a6771e1546d97e7e041b6ae58d80074f81b7d5121207425c964ddf5cfdbd/sniffio-1.3.1.tar.gz", hash = "sha256:f4324edc670a0f49750a81b895f35c3adb843cca46f0530f79fc1babb23789dc", size = 20372, upload-time = "2024-02-25T23:20:04.057Z" }
wheels = [
    { url = "https://files.pythonhosted.org/packages/e9/44/75a9c9421471a6c4805dbf2356f7c181a29c1879239abab1ea2cc8f38b40/sniffio-1.3.1-py3-none-any.whl", hash = "sha256:2f6da418d1f1e0fddd844478f41680e794e6051915791a034ff65e5f100525a2", size = 10235, upload-time = "2024-02-25T23:20:01.196Z" },
]

[[package]]
name = "soupsieve"
version = "2.8.3"
source = { registry = "https://pypi.org/simple" }
sdist = { url = "https://files.pythonhosted.org/packages/7b/ae/2d9c981590ed9999a0d91755b47fc74f74de286b0f5cee14c9269041e6c4/soupsieve-2.8.3.tar.gz", hash = "sha256:3267f1eeea4251fb42728b6dfb746edc9acaffc4a45b27e19450b676586e8349", size = 118627, upload-time = "2026-01-20T04:27:02.457Z" }
wheels = [
    { url = "https://files.pythonhosted.org/packages/46/2c/1462b1d0a634697ae9e55b3cecdcb64788e8b7d63f54d923fcd0bb140aed/soupsieve-2.8.3-py3-none-any.whl", hash = "sha256:ed64f2ba4eebeab06cc4962affce381647455978ffc1e36bb79a545b91f45a95", size = 37016, upload-time = "2026-01-20T04:27:01.012Z" },
]

[[package]]
name = "typing-extensions"
version = "4.15.0"
source = { registry = "https://pypi.org/simple" }
sdist = { url = "https://files.pythonhosted.org/packages/72/94/1a15dd82efb362ac84269196e94cf00f187f7ed21c242792a923cdb1c61f/typing_extensions-4.15.0.tar.gz", hash = "sha256:0cea48d173cc12fa28ecabc3b837ea3cf6f38c6d1136f85cbaaf598984861466", size = 109391, upload-time = "2025-08-25T13:49:26.313Z" }
wheels = [
    { url = "https://files.pythonhosted.org/packages/18/67/36e9267722cc04a6b9f15c7f3441c2363321a3ea07da7ae0c0707beb2a9c/typing_extensions-4.15.0-py3-none-any.whl", hash = "sha256:f0fa19c6845758ab08074a0cfa8b7aecb71c999ca73d62883bc25cc018c4e548", size = 44614, upload-time = "2025-08-25T13:49:24.86Z" },
]
